
Microsoft Visual Studio Solution File, Format Version 12.00
# Visual Studio 15
VisualStudioVersion = 15.0.27703.1
MinimumVisualStudioVersion = 10.0.40219.1
Project("{FAE04EC0-301F-11D3-BF4B-00C04F79EFBC}") = "TestInterceptor", "TestInterceptor\TestInterceptor.csproj", "{21238ED5-3006-46DB-99A1-23075C1E57AA}"
EndProject
Global
	GlobalSection(SolutionConfigurationPlatforms) = preSolution
		Debug|Any CPU = Debug|Any CPU
		Release|Any CPU = Release|Any CPU
	EndGlobalSection
	GlobalSection(ProjectConfigurationPlatforms) = postSolution
		{21238ED5-3006-46DB-99A1-23075C1E57AA}.Debug|Any CPU.ActiveCfg = Debug|Any CPU
		{21238ED5-3006-46DB-99A1-23075C1E57AA}.Debug|Any CPU.Build.0 = Debug|Any CPU
		{21238ED5-3006-46DB-99A1-23075C1E57AA}.Release|Any CPU.ActiveCfg = Release|Any CPU
		{21238ED5-3006-46DB-99A1-23075C1E57AA}.Release|Any CPU.Build.0 = Release|Any CPU
	EndGlobalSection
	GlobalSection(SolutionProperties) = preSolution
		HideSolutionNode = FALSE
	EndGlobalSection
	GlobalSection(ExtensibilityGlobals) = postSolution
		SolutionGuid = {5BED5C64-DFA3-4667-B08C-79AE480E9EEA}
	EndGlobalSection
	GlobalSection(TeamFoundationVersionControl) = preSolution
		SccNumberOfProjects = 2
		SccEnterpriseProvider = {4CA58AB2-18FA-4F8D-95D4-32DDF27D184C}
		SccTeamFoundationServer = http://tfs/tfs/lob03
		SccLocalPath0 = .
		SccProjectUniqueName1 = TestInterceptor\\TestInterceptor.csproj
		SccProjectName1 = TestInterceptor
		SccLocalPath1 = TestInterceptor
	EndGlobalSection
EndGlobal
